
Microsoft Visual Studio Solution File, Format Version 12.00
# Visual Studio Version 16
VisualStudioVersion = 16.0.30114.105
MinimumVisualStudioVersion = 10.0.40219.1
Project("{9092AA53-FB77-4645-B42D-1CCCA6BD08BD}") = "Assignment2_HaiderMalik", "Assignment2_HaiderMalik.njsproj", "{924E5149-3FE5-4D2B-BB10-804D428628AB}"
EndProject
Global
	GlobalSection(SolutionConfigurationPlatforms) = preSolution
		Debug|Any CPU = Debug|Any CPU
		Release|Any CPU = Release|Any CPU
	EndGlobalSection
	GlobalSection(ProjectConfigurationPlatforms) = postSolution
		{924E5149-3FE5-4D2B-BB10-804D428628AB}.Debug|Any CPU.ActiveCfg = Debug|Any CPU
		{924E5149-3FE5-4D2B-BB10-804D428628AB}.Debug|Any CPU.Build.0 = Debug|Any CPU
		{924E5149-3FE5-4D2B-BB10-804D428628AB}.Release|Any CPU.ActiveCfg = Release|Any CPU
		{924E5149-3FE5-4D2B-BB10-804D428628AB}.Release|Any CPU.Build.0 = Release|Any CPU
	EndGlobalSection
	GlobalSection(SolutionProperties) = preSolution
		HideSolutionNode = FALSE
	EndGlobalSection
	GlobalSection(ExtensibilityGlobals) = postSolution
		SolutionGuid = {719A0BFA-5A64-4127-B38E-4B4E2DE74BD5}
	EndGlobalSection
EndGlobal
